
Microsoft Visual Studio Solution File, Format Version 12.00
# Visual Studio 15
VisualStudioVersion = 15.0.27703.2042
MinimumVisualStudioVersion = 10.0.40219.1
Project("{FAE04EC0-301F-11D3-BF4B-00C04F79EFBC}") = "XamWebSpeaker.Android", "XamWebSpeaker\XamWebSpeaker.Android\XamWebSpeaker.Android.csproj", "{45C9C7F8-04DB-477C-9876-F30429237C3A}"
EndProject
Project("{FAE04EC0-301F-11D3-BF4B-00C04F79EFBC}") = "XamWebSpeaker.iOS", "XamWebSpeaker\XamWebSpeaker.iOS\XamWebSpeaker.iOS.csproj", "{FDE83E5E-9D80-4424-96C1-5E50B0DAA414}"
EndProject
Project("{FAE04EC0-301F-11D3-BF4B-00C04F79EFBC}") = "XamWebSpeaker", "XamWebSpeaker\XamWebSpeaker\XamWebSpeaker.csproj", "{77B38866-D8D0-41C0-B659-59CF62032CD6}"
EndProject
Global
	GlobalSection(SolutionConfigurationPlatforms) = preSolution
		Ad-Hoc|Any CPU = Ad-Hoc|Any CPU
		Ad-Hoc|iPhone = Ad-Hoc|iPhone
		Ad-Hoc|iPhoneSimulator = Ad-Hoc|iPhoneSimulator
		AppStore|Any CPU = AppStore|Any CPU
		AppStore|iPhone = AppStore|iPhone
		AppStore|iPhoneSimulator = AppStore|iPhoneSimulator
		Debug|Any CPU = Debug|Any CPU
		Debug|iPhone = Debug|iPhone
		Debug|iPhoneSimulator = Debug|iPhoneSimulator
		Release|Any CPU = Release|Any CPU
		Release|iPhone = Release|iPhone
		Release|iPhoneSimulator = Release|iPhoneSimulator
	EndGlobalSection
	GlobalSection(ProjectConfigurationPlatforms) = postSolution
		{45C9C7F8-04DB-477C-9876-F30429237C3A}.Ad-Hoc|Any CPU.ActiveCfg = Release|Any CPU
		{45C9C7F8-04DB-477C-9876-F30429237C3A}.Ad-Hoc|Any CPU.Build.0 = Release|Any CPU
		{45C9C7F8-04DB-477C-9876-F30429237C3A}.Ad-Hoc|Any CPU.Deploy.0 = Release|Any CPU
		{45C9C7F8-04DB-477C-9876-F30429237C3A}.Ad-Hoc|iPhone.ActiveCfg = Release|Any CPU
		{45C9C7F8-04DB-477C-9876-F30429237C3A}.Ad-Hoc|iPhone.Build.0 = Release|Any CPU
		{45C9C7F8-04DB-477C-9876-F30429237C3A}.Ad-Hoc|iPhone.Deploy.0 = Release|Any CPU
		{45C9C7F8-04DB-477C-9876-F30429237C3A}.Ad-Hoc|iPhoneSimulator.ActiveCfg = Release|Any CPU
		{45C9C7F8-04DB-477C-9876-F30429237C3A}.Ad-Hoc|iPhoneSimulator.Build.0 = Release|Any CPU
		{45C9C7F8-04DB-477C-9876-F30429237C3A}.Ad-Hoc|iPhoneSimulator.Deploy.0 = Release|Any CPU
		{45C9C7F8-04DB-477C-9876-F30429237C3A}.AppStore|Any CPU.ActiveCfg = Release|Any CPU
		{45C9C7F8-04DB-477C-9876-F30429237C3A}.AppStore|Any CPU.Build.0 = Release|Any CPU
		{45C9C7F8-04DB-477C-9876-F30429237C3A}.AppStore|Any CPU.Deploy.0 = Release|Any CPU
		{45C9C7F8-04DB-477C-9876-F30429237C3A}.AppStore|iPhone.ActiveCfg = Release|Any CPU
		{45C9C7F8-04DB-477C-9876-F30429237C3A}.AppStore|iPhone.Build.0 = Release|Any CPU
		{45C9C7F8-04DB-477C-9876-F30429237C3A}.AppStore|iPhone.Deploy.0 = Release|Any CPU
		{45C9C7F8-04DB-477C-9876-F30429237C3A}.AppStore|iPhoneSimulator.ActiveCfg = Release|Any CPU
		{45C9C7F8-04DB-477C-9876-F30429237C3A}.AppStore|iPhoneSimulator.Build.0 = Release|Any CPU
		{45C9C7F8-04DB-477C-9876-F30429237C3A}.AppStore|iPhoneSimulator.Deploy.0 = Release|Any CPU
		{45C9C7F8-04DB-477C-9876-F30429237C3A}.Debug|Any CPU.ActiveCfg = Debug|Any CPU
		{45C9C7F8-04DB-477C-9876-F30429237C3A}.Debug|Any CPU.Build.0 = Debug|Any CPU
		{45C9C7F8-04DB-477C-9876-F30429237C3A}.Debug|Any CPU.Deploy.0 = Debug|Any CPU
		{45C9C7F8-04DB-477C-9876-F30429237C3A}.Debug|iPhone.ActiveCfg = Debug|Any CPU
		{45C9C7F8-04DB-477C-9876-F30429237C3A}.Debug|iPhone.Build.0 = Debug|Any CPU
		{45C9C7F8-04DB-477C-9876-F30429237C3A}.Debug|iPhone.Deploy.0 = Debug|Any CPU
		{45C9C7F8-04DB-477C-9876-F30429237C3A}.Debug|iPhoneSimulator.ActiveCfg = Debug|Any CPU
		{45C9C7F8-04DB-477C-9876-F30429237C3A}.Debug|iPhoneSimulator.Build.0 = Debug|Any CPU
		{45C9C7F8-04DB-477C-9876-F30429237C3A}.Debug|iPhoneSimulator.Deploy.0 = Debug|Any CPU
		{45C9C7F8-04DB-477C-9876-F30429237C3A}.Release|Any CPU.ActiveCfg = Release|Any CPU
		{45C9C7F8-04DB-477C-9876-F30429237C3A}.Release|Any CPU.Build.0 = Release|Any CPU
		{45C9C7F8-04DB-477C-9876-F30429237C3A}.Release|Any CPU.Deploy.0 = Release|Any CPU
		{45C9C7F8-04DB-477C-9876-F30429237C3A}.Release|iPhone.ActiveCfg = Release|Any CPU
		{45C9C7F8-04DB-477C-9876-F30429237C3A}.Release|iPhone.Build.0 = Release|Any CPU
		{45C9C7F8-04DB-477C-9876-F30429237C3A}.Release|iPhone.Deploy.0 = Release|Any CPU
		{45C9C7F8-04DB-477C-9876-F30429237C3A}.Release|iPhoneSimulator.ActiveCfg = Release|Any CPU
		{45C9C7F8-04DB-477C-9876-F30429237C3A}.Release|iPhoneSimulator.Build.0 = Release|Any CPU
		{45C9C7F8-04DB-477C-9876-F30429237C3A}.Release|iPhoneSimulator.Deploy.0 = Release|Any CPU
		{FDE83E5E-9D80-4424-96C1-5E50B0DAA414}.Ad-Hoc|Any CPU.ActiveCfg = Ad-Hoc|iPhone
		{FDE83E5E-9D80-4424-96C1-5E50B0DAA414}.Ad-Hoc|Any CPU.Build.0 = Ad-Hoc|iPhone
		{FDE83E5E-9D80-4424-96C1-5E50B0DAA414}.Ad-Hoc|Any CPU.Deploy.0 = Ad-Hoc|iPhone
		{FDE83E5E-9D80-4424-96C1-5E50B0DAA414}.Ad-Hoc|iPhone.ActiveCfg = Ad-Hoc|iPhone
		{FDE83E5E-9D80-4424-96C1-5E50B0DAA414}.Ad-Hoc|iPhone.Build.0 = Ad-Hoc|iPhone
		{FDE83E5E-9D80-4424-96C1-5E50B0DAA414}.Ad-Hoc|iPhone.Deploy.0 = Ad-Hoc|iPhone
		{FDE83E5E-9D80-4424-96C1-5E50B0DAA414}.Ad-Hoc|iPhoneSimulator.ActiveCfg = Ad-Hoc|iPhoneSimulator
		{FDE83E5E-9D80-4424-96C1-5E50B0DAA414}.Ad-Hoc|iPhoneSimulator.Build.0 = Ad-Hoc|iPhoneSimulator
		{FDE83E5E-9D80-4424-96C1-5E50B0DAA414}.Ad-Hoc|iPhoneSimulator.Deploy.0 = Ad-Hoc|iPhoneSimulator
		{FDE83E5E-9D80-4424-96C1-5E50B0DAA414}.AppStore|Any CPU.ActiveCfg = AppStore|iPhone
		{FDE83E5E-9D80-4424-96C1-5E50B0DAA414}.AppStore|Any CPU.Build.0 = AppStore|iPhone
		{FDE83E5E-9D80-4424-96C1-5E50B0DAA414}.AppStore|Any CPU.Deploy.0 = AppStore|iPhone
		{FDE83E5E-9D80-4424-96C1-5E50B0DAA414}.AppStore|iPhone.ActiveCfg = AppStore|iPhone
		{FDE83E5E-9D80-4424-96C1-5E50B0DAA414}.AppStore|iPhone.Build.0 = AppStore|iPhone
		{FDE83E5E-9D80-4424-96C1-5E50B0DAA414}.AppStore|iPhone.Deploy.0 = AppStore|iPhone
		{FDE83E5E-9D80-4424-96C1-5E50B0DAA414}.AppStore|iPhoneSimulator.ActiveCfg = AppStore|iPhoneSimulator
		{FDE83E5E-9D80-4424-96C1-5E50B0DAA414}.AppStore|iPhoneSimulator.Build.0 = AppStore|iPhoneSimulator
		{FDE83E5E-9D80-4424-96C1-5E50B0DAA414}.AppStore|iPhoneSimulator.Deploy.0 = AppStore|iPhoneSimulator
		{FDE83E5E-9D80-4424-96C1-5E50B0DAA414}.Debug|Any CPU.ActiveCfg = Debug|iPhoneSimulator
		{FDE83E5E-9D80-4424-96C1-5E50B0DAA414}.Debug|Any CPU.Build.0 = Debug|iPhoneSimulator
		{FDE83E5E-9D80-4424-96C1-5E50B0DAA414}.Debug|Any CPU.Deploy.0 = Debug|iPhoneSimulator
		{FDE83E5E-9D80-4424-96C1-5E50B0DAA414}.Debug|iPhone.ActiveCfg = Debug|iPhone
		{FDE83E5E-9D80-4424-96C1-5E50B0DAA414}.Debug|iPhone.Build.0 = Debug|iPhone
		{FDE83E5E-9D80-4424-96C1-5E50B0DAA414}.Debug|iPhone.Deploy.0 = Debug|iPhone
		{FDE83E5E-9D80-4424-96C1-5E50B0DAA414}.Debug|iPhoneSimulator.ActiveCfg = Debug|iPhoneSimulator
		{FDE83E5E-9D80-4424-96C1-5E50B0DAA414}.Debug|iPhoneSimulator.Build.0 = Debug|iPhoneSimulator
		{FDE83E5E-9D80-4424-96C1-5E50B0DAA414}.Debug|iPhoneSimulator.Deploy.0 = Debug|iPhoneSimulator
		{FDE83E5E-9D80-4424-96C1-5E50B0DAA414}.Release|Any CPU.ActiveCfg = Release|iPhone
		{FDE83E5E-9D80-4424-96C1-5E50B0DAA414}.Release|Any CPU.Build.0 = Release|iPhone
		{FDE83E5E-9D80-4424-96C1-5E50B0DAA414}.Release|Any CPU.Deploy.0 = Release|iPhone
		{FDE83E5E-9D80-4424-96C1-5E50B0DAA414}.Release|iPhone.ActiveCfg = Release|iPhone
		{FDE83E5E-9D80-4424-96C1-5E50B0DAA414}.Release|iPhone.Build.0 = Release|iPhone
		{FDE83E5E-9D80-4424-96C1-5E50B0DAA414}.Release|iPhone.Deploy.0 = Release|iPhone
		{FDE83E5E-9D80-4424-96C1-5E50B0DAA414}.Release|iPhoneSimulator.ActiveCfg = Release|iPhoneSimulator
		{FDE83E5E-9D80-4424-96C1-5E50B0DAA414}.Release|iPhoneSimulator.Build.0 = Release|iPhoneSimulator
		{FDE83E5E-9D80-4424-96C1-5E50B0DAA414}.Release|iPhoneSimulator.Deploy.0 = Release|iPhoneSimulator
		{77B38866-D8D0-41C0-B659-59CF62032CD6}.Ad-Hoc|Any CPU.ActiveCfg = Debug|Any CPU
		{77B38866-D8D0-41C0-B659-59CF62032CD6}.Ad-Hoc|Any CPU.Build.0 = Debug|Any CPU
		{77B38866-D8D0-41C0-B659-59CF62032CD6}.Ad-Hoc|Any CPU.Deploy.0 = Debug|Any CPU
		{77B38866-D8D0-41C0-B659-59CF62032CD6}.Ad-Hoc|iPhone.ActiveCfg = Debug|Any CPU
		{77B38866-D8D0-41C0-B659-59CF62032CD6}.Ad-Hoc|iPhone.Build.0 = Debug|Any CPU
		{77B38866-D8D0-41C0-B659-59CF62032CD6}.Ad-Hoc|iPhone.Deploy.0 = Debug|Any CPU
		{77B38866-D8D0-41C0-B659-59CF62032CD6}.Ad-Hoc|iPhoneSimulator.ActiveCfg = Debug|Any CPU
		{77B38866-D8D0-41C0-B659-59CF62032CD6}.Ad-Hoc|iPhoneSimulator.Build.0 = Debug|Any CPU
		{77B38866-D8D0-41C0-B659-59CF62032CD6}.Ad-Hoc|iPhoneSimulator.Deploy.0 = Debug|Any CPU
		{77B38866-D8D0-41C0-B659-59CF62032CD6}.AppStore|Any CPU.ActiveCfg = Debug|Any CPU
		{77B38866-D8D0-41C0-B659-59CF62032CD6}.AppStore|Any CPU.Build.0 = Debug|Any CPU
		{77B38866-D8D0-41C0-B659-59CF62032CD6}.AppStore|Any CPU.Deploy.0 = Debug|Any CPU
		{77B38866-D8D0-41C0-B659-59CF62032CD6}.AppStore|iPhone.ActiveCfg = Debug|Any CPU
		{77B38866-D8D0-41C0-B659-59CF62032CD6}.AppStore|iPhone.Build.0 = Debug|Any CPU
		{77B38866-D8D0-41C0-B659-59CF62032CD6}.AppStore|iPhone.Deploy.0 = Debug|Any CPU
		{77B38866-D8D0-41C0-B659-59CF62032CD6}.AppStore|iPhoneSimulator.ActiveCfg = Debug|Any CPU
		{77B38866-D8D0-41C0-B659-59CF62032CD6}.AppStore|iPhoneSimulator.Build.0 = Debug|Any CPU
		{77B38866-D8D0-41C0-B659-59CF62032CD6}.AppStore|iPhoneSimulator.Deploy.0 = Debug|Any CPU
		{77B38866-D8D0-41C0-B659-59CF62032CD6}.Debug|Any CPU.ActiveCfg = Debug|Any CPU
		{77B38866-D8D0-41C0-B659-59CF62032CD6}.Debug|Any CPU.Build.0 = Debug|Any CPU
		{77B38866-D8D0-41C0-B659-59CF62032CD6}.Debug|Any CPU.Deploy.0 = Debug|Any CPU
		{77B38866-D8D0-41C0-B659-59CF62032CD6}.Debug|iPhone.ActiveCfg = Debug|Any CPU
		{77B38866-D8D0-41C0-B659-59CF62032CD6}.Debug|iPhone.Build.0 = Debug|Any CPU
		{77B38866-D8D0-41C0-B659-59CF62032CD6}.Debug|iPhone.Deploy.0 = Debug|Any CPU
		{77B38866-D8D0-41C0-B659-59CF62032CD6}.Debug|iPhoneSimulator.ActiveCfg = Debug|Any CPU
		{77B38866-D8D0-41C0-B659-59CF62032CD6}.Debug|iPhoneSimulator.Build.0 = Debug|Any CPU
		{77B38866-D8D0-41C0-B659-59CF62032CD6}.Debug|iPhoneSimulator.Deploy.0 = Debug|Any CPU
		{77B38866-D8D0-41C0-B659-59CF62032CD6}.Release|Any CPU.ActiveCfg = Release|Any CPU
		{77B38866-D8D0-41C0-B659-59CF62032CD6}.Release|Any CPU.Build.0 = Release|Any CPU
		{77B38866-D8D0-41C0-B659-59CF62032CD6}.Release|Any CPU.Deploy.0 = Release|Any CPU
		{77B38866-D8D0-41C0-B659-59CF62032CD6}.Release|iPhone.ActiveCfg = Release|Any CPU
		{77B38866-D8D0-41C0-B659-59CF62032CD6}.Release|iPhone.Build.0 = Release|Any CPU
		{77B38866-D8D0-41C0-B659-59CF62032CD6}.Release|iPhone.Deploy.0 = Release|Any CPU
		{77B38866-D8D0-41C0-B659-59CF62032CD6}.Release|iPhoneSimulator.ActiveCfg = Release|Any CPU
		{77B38866-D8D0-41C0-B659-59CF62032CD6}.Release|iPhoneSimulator.Build.0 = Release|Any CPU
		{77B38866-D8D0-41C0-B659-59CF62032CD6}.Release|iPhoneSimulator.Deploy.0 = Release|Any CPU
	EndGlobalSection
	GlobalSection(SolutionProperties) = preSolution
		HideSolutionNode = FALSE
	EndGlobalSection
	GlobalSection(ExtensibilityGlobals) = postSolution
		SolutionGuid = {E9CCA988-876E-4E9B-A18C-E3614CA2D962}
	EndGlobalSection
EndGlobal
